
Microsoft Visual Studio Solution File, Format Version 12.00
# Visual Studio Version 16
VisualStudioVersion = 16.0.32901.82
MinimumVisualStudioVersion = 10.0.40219.1
Project("{888888A0-9F3D-457C-B088-3A5042F75D52}") = "OpenCV", "OpenCV\OpenCV.pyproj", "{33EDC8DB-0CC1-4653-9040-3FA66DFDD6AD}"
EndProject
Global
	GlobalSection(SolutionConfigurationPlatforms) = preSolution
		Debug|Any CPU = Debug|Any CPU
		Release|Any CPU = Release|Any CPU
	EndGlobalSection
	GlobalSection(ProjectConfigurationPlatforms) = postSolution
		{33EDC8DB-0CC1-4653-9040-3FA66DFDD6AD}.Debug|Any CPU.ActiveCfg = Debug|Any CPU
		{33EDC8DB-0CC1-4653-9040-3FA66DFDD6AD}.Release|Any CPU.ActiveCfg = Release|Any CPU
	EndGlobalSection
	GlobalSection(SolutionProperties) = preSolution
		HideSolutionNode = FALSE
	EndGlobalSection
	GlobalSection(ExtensibilityGlobals) = postSolution
		SolutionGuid = {57B692B4-0C86-4BFB-8976-7A913958E029}
	EndGlobalSection
EndGlobal
